
Microsoft Visual Studio Solution File, Format Version 12.00
# Visual Studio Version 17
VisualStudioVersion = 17.3.32922.545
MinimumVisualStudioVersion = 10.0.40219.1
Project("{FAE04EC0-301F-11D3-BF4B-00C04F79EFBC}") = "P1_MultiplesOf3or5", "MultiplesOf3or5\P1_MultiplesOf3or5.csproj", "{EE9E823D-1558-417D-A49F-49ADFA0B5A76}"
EndProject
Project("{FAE04EC0-301F-11D3-BF4B-00C04F79EFBC}") = "P2_EvenFibonacciNumbers", "P2_EvenFibonacciNumbers\P2_EvenFibonacciNumbers.csproj", "{2CB9A2C7-9A6B-4CEB-BE2B-11CDD8129442}"
EndProject
Project("{FAE04EC0-301F-11D3-BF4B-00C04F79EFBC}") = "P3_LargestPrimeFactor", "P3_LargestPrimeFactor\P3_LargestPrimeFactor.csproj", "{DD052E7A-14DE-4BAA-926C-64D1A0369FFB}"
EndProject
Project("{FAE04EC0-301F-11D3-BF4B-00C04F79EFBC}") = "P4_LargestPalindromeProduct", "P4_LargestPalindromeProduct\P4_LargestPalindromeProduct.csproj", "{06FBB3A3-B1E2-4CED-BF40-C04222B69F6D}"
EndProject
Global
	GlobalSection(SolutionConfigurationPlatforms) = preSolution
		Debug|Any CPU = Debug|Any CPU
		Release|Any CPU = Release|Any CPU
	EndGlobalSection
	GlobalSection(ProjectConfigurationPlatforms) = postSolution
		{EE9E823D-1558-417D-A49F-49ADFA0B5A76}.Debug|Any CPU.ActiveCfg = Debug|Any CPU
		{EE9E823D-1558-417D-A49F-49ADFA0B5A76}.Debug|Any CPU.Build.0 = Debug|Any CPU
		{EE9E823D-1558-417D-A49F-49ADFA0B5A76}.Release|Any CPU.ActiveCfg = Release|Any CPU
		{EE9E823D-1558-417D-A49F-49ADFA0B5A76}.Release|Any CPU.Build.0 = Release|Any CPU
		{2CB9A2C7-9A6B-4CEB-BE2B-11CDD8129442}.Debug|Any CPU.ActiveCfg = Debug|Any CPU
		{2CB9A2C7-9A6B-4CEB-BE2B-11CDD8129442}.Debug|Any CPU.Build.0 = Debug|Any CPU
		{2CB9A2C7-9A6B-4CEB-BE2B-11CDD8129442}.Release|Any CPU.ActiveCfg = Release|Any CPU
		{2CB9A2C7-9A6B-4CEB-BE2B-11CDD8129442}.Release|Any CPU.Build.0 = Release|Any CPU
		{DD052E7A-14DE-4BAA-926C-64D1A0369FFB}.Debug|Any CPU.ActiveCfg = Debug|Any CPU
		{DD052E7A-14DE-4BAA-926C-64D1A0369FFB}.Debug|Any CPU.Build.0 = Debug|Any CPU
		{DD052E7A-14DE-4BAA-926C-64D1A0369FFB}.Release|Any CPU.ActiveCfg = Release|Any CPU
		{DD052E7A-14DE-4BAA-926C-64D1A0369FFB}.Release|Any CPU.Build.0 = Release|Any CPU
		{06FBB3A3-B1E2-4CED-BF40-C04222B69F6D}.Debug|Any CPU.ActiveCfg = Debug|Any CPU
		{06FBB3A3-B1E2-4CED-BF40-C04222B69F6D}.Debug|Any CPU.Build.0 = Debug|Any CPU
		{06FBB3A3-B1E2-4CED-BF40-C04222B69F6D}.Release|Any CPU.ActiveCfg = Release|Any CPU
		{06FBB3A3-B1E2-4CED-BF40-C04222B69F6D}.Release|Any CPU.Build.0 = Release|Any CPU
	EndGlobalSection
	GlobalSection(SolutionProperties) = preSolution
		HideSolutionNode = FALSE
	EndGlobalSection
	GlobalSection(ExtensibilityGlobals) = postSolution
		SolutionGuid = {19827191-89B3-4D51-B87E-912B8F6019C1}
	EndGlobalSection
EndGlobal
