
Microsoft Visual Studio Solution File, Format Version 12.00
# Visual Studio Version 17
VisualStudioVersion = 17.3.32922.545
MinimumVisualStudioVersion = 10.0.40219.1
Project("{FAE04EC0-301F-11D3-BF4B-00C04F79EFBC}") = "MultiplesOf3or5", "MultiplesOf3or5\MultiplesOf3or5.csproj", "{EE9E823D-1558-417D-A49F-49ADFA0B5A76}"
EndProject
Global
	GlobalSection(SolutionConfigurationPlatforms) = preSolution
		Debug|Any CPU = Debug|Any CPU
		Release|Any CPU = Release|Any CPU
	EndGlobalSection
	GlobalSection(ProjectConfigurationPlatforms) = postSolution
		{EE9E823D-1558-417D-A49F-49ADFA0B5A76}.Debug|Any CPU.ActiveCfg = Debug|Any CPU
		{EE9E823D-1558-417D-A49F-49ADFA0B5A76}.Debug|Any CPU.Build.0 = Debug|Any CPU
		{EE9E823D-1558-417D-A49F-49ADFA0B5A76}.Release|Any CPU.ActiveCfg = Release|Any CPU
		{EE9E823D-1558-417D-A49F-49ADFA0B5A76}.Release|Any CPU.Build.0 = Release|Any CPU
	EndGlobalSection
	GlobalSection(SolutionProperties) = preSolution
		HideSolutionNode = FALSE
	EndGlobalSection
	GlobalSection(ExtensibilityGlobals) = postSolution
		SolutionGuid = {19827191-89B3-4D51-B87E-912B8F6019C1}
	EndGlobalSection
EndGlobal
